
Microsoft Visual Studio Solution File, Format Version 12.00
# Visual Studio Version 16
VisualStudioVersion = 16.0.29209.62
MinimumVisualStudioVersion = 10.0.40219.1
Project("{FAE04EC0-301F-11D3-BF4B-00C04F79EFBC}") = "CRUD", "CRUD.csproj", "{94274292-4036-4FA8-849B-A9CB7B8A4698}"
EndProject
Global
	GlobalSection(SolutionConfigurationPlatforms) = preSolution
		Debug|Any CPU = Debug|Any CPU
		Release|Any CPU = Release|Any CPU
	EndGlobalSection
	GlobalSection(ProjectConfigurationPlatforms) = postSolution
		{94274292-4036-4FA8-849B-A9CB7B8A4698}.Debug|Any CPU.ActiveCfg = Debug|Any CPU
		{94274292-4036-4FA8-849B-A9CB7B8A4698}.Debug|Any CPU.Build.0 = Debug|Any CPU
		{94274292-4036-4FA8-849B-A9CB7B8A4698}.Release|Any CPU.ActiveCfg = Release|Any CPU
		{94274292-4036-4FA8-849B-A9CB7B8A4698}.Release|Any CPU.Build.0 = Release|Any CPU
	EndGlobalSection
	GlobalSection(SolutionProperties) = preSolution
		HideSolutionNode = FALSE
	EndGlobalSection
	GlobalSection(ExtensibilityGlobals) = postSolution
		SolutionGuid = {924ABBE8-BBD6-4D9B-AC74-99B148297EB5}
	EndGlobalSection
EndGlobal
